
Microsoft Visual Studio Solution File, Format Version 12.00
# Visual Studio 2013
VisualStudioVersion = 12.0.40629.0
MinimumVisualStudioVersion = 10.0.40219.1
Project("{FAE04EC0-301F-11D3-BF4B-00C04F79EFBC}") = "TestCam", "TestCam\TestCam.csproj", "{1C03FE4F-4B6D-4A9C-9239-30B93D7C5D0C}"
EndProject
Global
	GlobalSection(SolutionConfigurationPlatforms) = preSolution
		Debug|Any CPU = Debug|Any CPU
		Release|Any CPU = Release|Any CPU
	EndGlobalSection
	GlobalSection(ProjectConfigurationPlatforms) = postSolution
		{1C03FE4F-4B6D-4A9C-9239-30B93D7C5D0C}.Debug|Any CPU.ActiveCfg = Debug|Any CPU
		{1C03FE4F-4B6D-4A9C-9239-30B93D7C5D0C}.Debug|Any CPU.Build.0 = Debug|Any CPU
		{1C03FE4F-4B6D-4A9C-9239-30B93D7C5D0C}.Release|Any CPU.ActiveCfg = Release|Any CPU
		{1C03FE4F-4B6D-4A9C-9239-30B93D7C5D0C}.Release|Any CPU.Build.0 = Release|Any CPU
	EndGlobalSection
	GlobalSection(SolutionProperties) = preSolution
		HideSolutionNode = FALSE
	EndGlobalSection
EndGlobal
